github.com/telemachus/humane v0.3.0 h1:zZE2zaJhdx+DcCaSX+Wo7pxR/rzE0u8G4z4huelLOaM=
github.com/telemachus/humane v0.3.0/go.mod h1:wR/jQjMeGCV2DjldRiZANgWGW5Xtw9ULRP1h9Q6OzE0=
golang.org/x/exp v0.0.0-20230321023759-10a507213a29 h1:ooxPy7fPvB4kwsA2h+iBNHkAbp/4JxTSwCmvdjEYmug=
golang.org/x/exp v0.0.0-20230321023759-10a507213a29/go.mod h1:CxIveKay+FTh1D0yPZemJVgC/95VzuuOLq5Qi4xnoYc=
golang.org/x/net v0.4.0 h1:Q5QPcMlvfxFTAPV0+07Xz/MpK9NTXu2VDUuy0FeMfaU=
golang.org/x/net v0.4.0/go.mod h1:MBQ8lrhLObU/6UmLb4fmbmk5OcyYmqtbGd/9yIeKjEE=
